// !$*UTF8*$!
{
	archiveVersion = 1;
	classes = {
	};
	objectVersion = 50;
	objects = {

/* Begin PBXBuildFile section */
		D7AF4F47247C60AE009DB6A4 /* AppDelegate.swift in Sources */ = {isa = PBXBuildFile; fileRef = D7AF4F46247C60AE009DB6A4 /* AppDelegate.swift */; };
		D7AF4F49247C60AE009DB6A4 /* SceneDelegate.swift in Sources */ = {isa = PBXBuildFile; fileRef = D7AF4F48247C60AE009DB6A4 /* SceneDelegate.swift */; };
		D7AF4F4B247C60AE009DB6A4 /* EmojiMemoryGameView.swift in Sources */ = {isa = PBXBuildFile; fileRef = D7AF4F4A247C60AE009DB6A4 /* EmojiMemoryGameView.swift */; };
		D7AF4F4D247C60B0009DB6A4 /* Assets.xcassets in Resources */ = {isa = PBXBuildFile; fileRef = D7AF4F4C247C60B0009DB6A4 /* Assets.xcassets */; };
		D7AF4F50247C60B0009DB6A4 /* Preview Assets.xcassets in Resources */ = {isa = PBXBuildFile; fileRef = D7AF4F4F247C60B0009DB6A4 /* Preview Assets.xcassets */; };
		D7AF4F53247C60B0009DB6A4 /* LaunchScreen.storyboard in Resources */ = {isa = PBXBuildFile; fileRef = D7AF4F51247C60B0009DB6A4 /* LaunchScreen.storyboard */; };
		D7B49377247D9D4C002B1911 /* MemoryGame.swift in Sources */ = {isa = PBXBuildFile; fileRef = D7B49376247D9D4C002B1911 /* MemoryGame.swift */; };
		D7B49379247E2D99002B1911 /* EmojiMemoryGame.swift in Sources */ = {isa = PBXBuildFile; fileRef = D7B49378247E2D99002B1911 /* EmojiMemoryGame.swift */; };
		D7B4937B2482A572002B1911 /* Grid.swift in Sources */ = {isa = PBXBuildFile; fileRef = D7B4937A2482A572002B1911 /* Grid.swift */; };
		D7B4937D2483E87A002B1911 /* GridLayout.swift in Sources */ = {isa = PBXBuildFile; fileRef = D7B4937C2483E87A002B1911 /* GridLayout.swift */; };
		D7B4937F24841616002B1911 /* Array+Identifiable.swift in Sources */ = {isa = PBXBuildFile; fileRef = D7B4937E24841616002B1911 /* Array+Identifiable.swift */; };
		D7B4938124868ADF002B1911 /* Array+only.swift in Sources */ = {isa = PBXBuildFile; fileRef = D7B4938024868ADF002B1911 /* Array+only.swift */; };
		D7B493852488532D002B1911 /* Pie.swift in Sources */ = {isa = PBXBuildFile; fileRef = D7B493842488532D002B1911 /* Pie.swift */; };
		D7B4938724897FB1002B1911 /* Cardify.swift in Sources */ = {isa = PBXBuildFile; fileRef = D7B4938624897FB1002B1911 /* Cardify.swift */; };
/* End PBXBuildFile section */

/* Begin PBXFileReference section */
		D7AF4F43247C60AE009DB6A4 /* Memorize.app */ = {isa = PBXFileReference; explicitFileType = wrapper.application; includeInIndex = 0; path = Memorize.app; sourceTree = BUILT_PRODUCTS_DIR; };
		D7AF4F46247C60AE009DB6A4 /* AppDelegate.swift */ = {isa = PBXFileReference; lastKnownFileType = sourcecode.swift; path = AppDelegate.swift; sourceTree = "<group>"; };
		D7AF4F48247C60AE009DB6A4 /* SceneDelegate.swift */ = {isa = PBXFileReference; lastKnownFileType = sourcecode.swift; path = SceneDelegate.swift; sourceTree = "<group>"; };
		D7AF4F4A247C60AE009DB6A4 /* EmojiMemoryGameView.swift */ = {isa = PBXFileReference; lastKnownFileType = sourcecode.swift; path = EmojiMemoryGameView.swift; sourceTree = "<group>"; };
		D7AF4F4C247C60B0009DB6A4 /* Assets.xcassets */ = {isa = PBXFileReference; lastKnownFileType = folder.assetcatalog; path = Assets.xcassets; sourceTree = "<group>"; };
		D7AF4F4F247C60B0009DB6A4 /* Preview Assets.xcassets */ = {isa = PBXFileReference; lastKnownFileType = folder.assetcatalog; path = "Preview Assets.xcassets"; sourceTree = "<group>"; };
		D7AF4F52247C60B0009DB6A4 /* Base */ = {isa = PBXFileReference; lastKnownFileType = file.storyboard; name = Base; path = Base.lproj/LaunchScreen.storyboard; sourceTree = "<group>"; };
		D7AF4F54247C60B0009DB6A4 /* Info.plist */ = {isa = PBXFileReference; lastKnownFileType = text.plist.xml; path = Info.plist; sourceTree = "<group>"; };
		D7B49376247D9D4C002B1911 /* MemoryGame.swift */ = {isa = PBXFileReference; lastKnownFileType = sourcecode.swift; path = MemoryGame.swift; sourceTree = SOURCE_ROOT; };
		D7B49378247E2D99002B1911 /* EmojiMemoryGame.swift */ = {isa = PBXFileReference; lastKnownFileType = sourcecode.swift; path = EmojiMemoryGame.swift; sourceTree = "<group>"; };
		D7B4937A2482A572002B1911 /* Grid.swift */ = {isa = PBXFileReference; lastKnownFileType = sourcecode.swift; path = Grid.swift; sourceTree = "<group>"; };
		D7B4937C2483E87A002B1911 /* GridLayout.swift */ = {isa = PBXFileReference; fileEncoding = 4; lastKnownFileType = sourcecode.swift; path = GridLayout.swift; sourceTree = "<group>"; };
		D7B4937E24841616002B1911 /* Array+Identifiable.swift */ = {isa = PBXFileReference; lastKnownFileType = sourcecode.swift; path = "Array+Identifiable.swift"; sourceTree = "<group>"; };
		D7B4938024868ADF002B1911 /* Array+only.swift */ = {isa = PBXFileReference; lastKnownFileType = sourcecode.swift; path = "Array+only.swift"; sourceTree = "<group>"; };
		D7B493842488532D002B1911 /* Pie.swift */ = {isa = PBXFileReference; lastKnownFileType = sourcecode.swift; path = Pie.swift; sourceTree = SOURCE_ROOT; };
		D7B4938624897FB1002B1911 /* Cardify.swift */ = {isa = PBXFileReference; lastKnownFileType = sourcecode.swift; path = Cardify.swift; sourceTree = "<group>"; };
/* End PBXFileReference section */

/* Begin PBXFrameworksBuildPhase section */
		D7AF4F40247C60AE009DB6A4 /* Frameworks */ = {
			isa = PBXFrameworksBuildPhase;
			buildActionMask = 2147483647;
			files = (
			);
			runOnlyForDeploymentPostprocessing = 0;
		};
/* End PBXFrameworksBuildPhase section */

/* Begin PBXGroup section */
		D7AF4F3A247C60AE009DB6A4 = {
			isa = PBXGroup;
			children = (
				D7AF4F45247C60AE009DB6A4 /* Memorize */,
				D7AF4F44247C60AE009DB6A4 /* Products */,
			);
			sourceTree = "<group>";
		};
		D7AF4F44247C60AE009DB6A4 /* Products */ = {
			isa = PBXGroup;
			children = (
				D7AF4F43247C60AE009DB6A4 /* Memorize.app */,
			);
			name = Products;
			sourceTree = "<group>";
		};
		D7AF4F45247C60AE009DB6A4 /* Memorize */ = {
			isa = PBXGroup;
			children = (
				D7AF4F4A247C60AE009DB6A4 /* EmojiMemoryGameView.swift */,
				D7B4938624897FB1002B1911 /* Cardify.swift */,
				D7B493842488532D002B1911 /* Pie.swift */,
				D7B49378247E2D99002B1911 /* EmojiMemoryGame.swift */,
				D7B49376247D9D4C002B1911 /* MemoryGame.swift */,
				D7B4937A2482A572002B1911 /* Grid.swift */,
				D7B4937C2483E87A002B1911 /* GridLayout.swift */,
				D7AF4F46247C60AE009DB6A4 /* AppDelegate.swift */,
				D7B4938024868ADF002B1911 /* Array+only.swift */,
				D7B4937E24841616002B1911 /* Array+Identifiable.swift */,
				D7AF4F48247C60AE009DB6A4 /* SceneDelegate.swift */,
				D7AF4F4C247C60B0009DB6A4 /* Assets.xcassets */,
				D7AF4F51247C60B0009DB6A4 /* LaunchScreen.storyboard */,
				D7AF4F54247C60B0009DB6A4 /* Info.plist */,
				D7AF4F4E247C60B0009DB6A4 /* Preview Content */,
			);
			path = Memorize;
			sourceTree = "<group>";
		};
		D7AF4F4E247C60B0009DB6A4 /* Preview Content */ = {
			isa = PBXGroup;
			children = (
				D7AF4F4F247C60B0009DB6A4 /* Preview Assets.xcassets */,
			);
			path = "Preview Content";
			sourceTree = "<group>";
		};
/* End PBXGroup section */

/* Begin PBXNativeTarget section */
		D7AF4F42247C60AE009DB6A4 /* Memorize */ = {
			isa = PBXNativeTarget;
			buildConfigurationList = D7AF4F57247C60B0009DB6A4 /* Build configuration list for PBXNativeTarget "Memorize" */;
			buildPhases = (
				D7AF4F3F247C60AE009DB6A4 /* Sources */,
				D7AF4F40247C60AE009DB6A4 /* Frameworks */,
				D7AF4F41247C60AE009DB6A4 /* Resources */,
			);
			buildRules = (
			);
			dependencies = (
			);
			name = Memorize;
			productName = Memorize;
			productReference = D7AF4F43247C60AE009DB6A4 /* Memorize.app */;
			productType = "com.apple.product-type.application";
		};
/* End PBXNativeTarget section */

/* Begin PBXProject section */
		D7AF4F3B247C60AE009DB6A4 /* Project object */ = {
			isa = PBXProject;
			attributes = {
				LastSwiftUpdateCheck = 1150;
				LastUpgradeCheck = 1150;
				ORGANIZATIONNAME = dev.cs193p.student;
				TargetAttributes = {
					D7AF4F42247C60AE009DB6A4 = {
						CreatedOnToolsVersion = 11.5;
					};
				};
			};
			buildConfigurationList = D7AF4F3E247C60AE009DB6A4 /* Build configuration list for PBXProject "Memorize" */;
			compatibilityVersion = "Xcode 9.3";
			developmentRegion = en;
			hasScannedForEncodings = 0;
			knownRegions = (
				en,
				Base,
			);
			mainGroup = D7AF4F3A247C60AE009DB6A4;
			productRefGroup = D7AF4F44247C60AE009DB6A4 /* Products */;
			projectDirPath = "";
			projectRoot = "";
			targets = (
				D7AF4F42247C60AE009DB6A4 /* Memorize */,
			);
		};
/* End PBXProject section */

/* Begin PBXResourcesBuildPhase section */
		D7AF4F41247C60AE009DB6A4 /* Resources */ = {
			isa = PBXResourcesBuildPhase;
			buildActionMask = 2147483647;
			files = (
				D7AF4F53247C60B0009DB6A4 /* LaunchScreen.storyboard in Resources */,
				D7AF4F50247C60B0009DB6A4 /* Preview Assets.xcassets in Resources */,
				D7AF4F4D247C60B0009DB6A4 /* Assets.xcassets in Resources */,
			);
			runOnlyForDeploymentPostprocessing = 0;
		};
/* End PBXResourcesBuildPhase section */

/* Begin PBXSourcesBuildPhase section */
		D7AF4F3F247C60AE009DB6A4 /* Sources */ = {
			isa = PBXSourcesBuildPhase;
			buildActionMask = 2147483647;
			files = (
				D7B4938724897FB1002B1911 /* Cardify.swift in Sources */,
				D7B493852488532D002B1911 /* Pie.swift in Sources */,
				D7AF4F47247C60AE009DB6A4 /* AppDelegate.swift in Sources */,
				D7AF4F49247C60AE009DB6A4 /* SceneDelegate.swift in Sources */,
				D7B49377247D9D4C002B1911 /* MemoryGame.swift in Sources */,
				D7B4938124868ADF002B1911 /* Array+only.swift in Sources */,
				D7AF4F4B247C60AE009DB6A4 /* EmojiMemoryGameView.swift in Sources */,
				D7B49379247E2D99002B1911 /* EmojiMemoryGame.swift in Sources */,
				D7B4937F24841616002B1911 /* Array+Identifiable.swift in Sources */,
				D7B4937D2483E87A002B1911 /* GridLayout.swift in Sources */,
				D7B4937B2482A572002B1911 /* Grid.swift in Sources */,
			);
			runOnlyForDeploymentPostprocessing = 0;
		};
/* End PBXSourcesBuildPhase section */

/* Begin PBXVariantGroup section */
		D7AF4F51247C60B0009DB6A4 /* LaunchScreen.storyboard */ = {
			isa = PBXVariantGroup;
			children = (
				D7AF4F52247C60B0009DB6A4 /* Base */,
			);
			name = LaunchScreen.storyboard;
			sourceTree = "<group>";
		};
/* End PBXVariantGroup section */

/* Begin XCBuildConfiguration section */
		D7AF4F55247C60B0009DB6A4 /* Debug */ = {
			isa = XCBuildConfiguration;
			buildSettings = {
				ALWAYS_SEARCH_USER_PATHS = NO;
				CLANG_ANALYZER_NONNULL = YES;
				CLANG_ANALYZER_NUMBER_OBJECT_CONVERSION = YES_AGGRESSIVE;
				CLANG_CXX_LANGUAGE_STANDARD = "gnu++14";
				CLANG_CXX_LIBRARY = "libc++";
				CLANG_ENABLE_MODULES = YES;
				CLANG_ENABLE_OBJC_ARC = YES;
				CLANG_ENABLE_OBJC_WEAK = YES;
				CLANG_WARN_BLOCK_CAPTURE_AUTORELEASING = YES;
				CLANG_WARN_BOOL_CONVERSION = YES;
				CLANG_WARN_COMMA = YES;
				CLANG_WARN_CONSTANT_CONVERSION = YES;
				CLANG_WARN_DEPRECATED_OBJC_IMPLEMENTATIONS = YES;
				CLANG_WARN_DIRECT_OBJC_ISA_USAGE = YES_ERROR;
				CLANG_WARN_DOCUMENTATION_COMMENTS = YES;
				CLANG_WARN_EMPTY_BODY = YES;
				CLANG_WARN_ENUM_CONVERSION = YES;
				CLANG_WARN_INFINITE_RECURSION = YES;
				CLANG_WARN_INT_CONVERSION = YES;
				CLANG_WARN_NON_LITERAL_NULL_CONVERSION = YES;
				CLANG_WARN_OBJC_IMPLICIT_RETAIN_SELF = YES;
				CLANG_WARN_OBJC_LITERAL_CONVERSION = YES;
				CLANG_WARN_OBJC_ROOT_CLASS = YES_ERROR;
				CLANG_WARN_RANGE_LOOP_ANALYSIS = YES;
				CLANG_WARN_STRICT_PROTOTYPES = YES;
				CLANG_WARN_SUSPICIOUS_MOVE = YES;
				CLANG_WARN_UNGUARDED_AVAILABILITY = YES_AGGRESSIVE;
				CLANG_WARN_UNREACHABLE_CODE = YES;
				CLANG_WARN__DUPLICATE_METHOD_MATCH = YES;
				COPY_PHASE_STRIP = NO;
				DEBUG_INFORMATION_FORMAT = dwarf;
				ENABLE_STRICT_OBJC_MSGSEND = YES;
				ENABLE_TESTABILITY = YES;
				GCC_C_LANGUAGE_STANDARD = gnu11;
				GCC_DYNAMIC_NO_PIC = NO;
				GCC_NO_COMMON_BLOCKS = YES;
				GCC_OPTIMIZATION_LEVEL = 0;
				GCC_PREPROCESSOR_DEFINITIONS = (
					"DEBUG=1",
					"$(inherited)",
				);
				GCC_WARN_64_TO_32_BIT_CONVERSION = YES;
				GCC_WARN_ABOUT_RETURN_TYPE = YES_ERROR;
				GCC_WARN_UNDECLARED_SELECTOR = YES;
				GCC_WARN_UNINITIALIZED_AUTOS = YES_AGGRESSIVE;
				GCC_WARN_UNUSED_FUNCTION = YES;
				GCC_WARN_UNUSED_VARIABLE = YES;
				IPHONEOS_DEPLOYMENT_TARGET = 13.5;
				MTL_ENABLE_DEBUG_INFO = INCLUDE_SOURCE;
				MTL_FAST_MATH = YES;
				ONLY_ACTIVE_ARCH = YES;
				SDKROOT = iphoneos;
				SWIFT_ACTIVE_COMPILATION_CONDITIONS = DEBUG;
				SWIFT_OPTIMIZATION_LEVEL = "-Onone";
			};
			name = Debug;
		};
		D7AF4F56247C60B0009DB6A4 /* Release */ = {
			isa = XCBuildConfiguration;
			buildSettings = {
				ALWAYS_SEARCH_USER_PATHS = NO;
				CLANG_ANALYZER_NONNULL = YES;
				CLANG_ANALYZER_NUMBER_OBJECT_CONVERSION = YES_AGGRESSIVE;
				CLANG_CXX_LANGUAGE_STANDARD = "gnu++14";
				CLANG_CXX_LIBRARY = "libc++";
				CLANG_ENABLE_MODULES = YES;
				CLANG_ENABLE_OBJC_ARC = YES;
				CLANG_ENABLE_OBJC_WEAK = YES;
				CLANG_WARN_BLOCK_CAPTURE_AUTORELEASING = YES;
				CLANG_WARN_BOOL_CONVERSION = YES;
				CLANG_WARN_COMMA = YES;
				CLANG_WARN_CONSTANT_CONVERSION = YES;
				CLANG_WARN_DEPRECATED_OBJC_IMPLEMENTATIONS = YES;
				CLANG_WARN_DIRECT_OBJC_ISA_USAGE = YES_ERROR;
				CLANG_WARN_DOCUMENTATION_COMMENTS = YES;
				CLANG_WARN_EMPTY_BODY = YES;
				CLANG_WARN_ENUM_CONVERSION = YES;
				CLANG_WARN_INFINITE_RECURSION = YES;
				CLANG_WARN_INT_CONVERSION = YES;
				CLANG_WARN_NON_LITERAL_NULL_CONVERSION = YES;
				CLANG_WARN_OBJC_IMPLICIT_RETAIN_SELF = YES;
				CLANG_WARN_OBJC_LITERAL_CONVERSION = YES;
				CLANG_WARN_OBJC_ROOT_CLASS = YES_ERROR;
				CLANG_WARN_RANGE_LOOP_ANALYSIS = YES;
				CLANG_WARN_STRICT_PROTOTYPES = YES;
				CLANG_WARN_SUSPICIOUS_MOVE = YES;
				CLANG_WARN_UNGUARDED_AVAILABILITY = YES_AGGRESSIVE;
				CLANG_WARN_UNREACHABLE_CODE = YES;
				CLANG_WARN__DUPLICATE_METHOD_MATCH = YES;
				COPY_PHASE_STRIP = NO;
				DEBUG_INFORMATION_FORMAT = "dwarf-with-dsym";
				ENABLE_NS_ASSERTIONS = NO;
				ENABLE_STRICT_OBJC_MSGSEND = YES;
				GCC_C_LANGUAGE_STANDARD = gnu11;
				GCC_NO_COMMON_BLOCKS = YES;
				GCC_WARN_64_TO_32_BIT_CONVERSION = YES;
				GCC_WARN_ABOUT_RETURN_TYPE = YES_ERROR;
				GCC_WARN_UNDECLARED_SELECTOR = YES;
				GCC_WARN_UNINITIALIZED_AUTOS = YES_AGGRESSIVE;
				GCC_WARN_UNUSED_FUNCTION = YES;
				GCC_WARN_UNUSED_VARIABLE = YES;
				IPHONEOS_DEPLOYMENT_TARGET = 13.5;
				MTL_ENABLE_DEBUG_INFO = NO;
				MTL_FAST_MATH = YES;
				SDKROOT = iphoneos;
				SWIFT_COMPILATION_MODE = wholemodule;
				SWIFT_OPTIMIZATION_LEVEL = "-O";
				VALIDATE_PRODUCT = YES;
			};
			name = Release;
		};
		D7AF4F58247C60B0009DB6A4 /* Debug */ = {
			isa = XCBuildConfiguration;
			buildSettings = {
				ASSETCATALOG_COMPILER_APPICON_NAME = AppIcon;
				CODE_SIGN_STYLE = Automatic;
				DEVELOPMENT_ASSET_PATHS = "\"Memorize/Preview Content\"";
				ENABLE_PREVIEWS = YES;
				INFOPLIST_FILE = Memorize/Info.plist;
				LD_RUNPATH_SEARCH_PATHS = (
					"$(inherited)",
					"@executable_path/Frameworks",
				);
				PRODUCT_BUNDLE_IDENTIFIER = com.koblev.stanford.Memorize;
				PRODUCT_NAME = "$(TARGET_NAME)";
				SWIFT_VERSION = 5.0;
				TARGETED_DEVICE_FAMILY = "1,2";
			};
			name = Debug;
		};
		D7AF4F59247C60B0009DB6A4 /* Release */ = {
			isa = XCBuildConfiguration;
			buildSettings = {
				ASSETCATALOG_COMPILER_APPICON_NAME = AppIcon;
				CODE_SIGN_STYLE = Automatic;
				DEVELOPMENT_ASSET_PATHS = "\"Memorize/Preview Content\"";
				ENABLE_PREVIEWS = YES;
				INFOPLIST_FILE = Memorize/Info.plist;
				LD_RUNPATH_SEARCH_PATHS = (
					"$(inherited)",
					"@executable_path/Frameworks",
				);
				PRODUCT_BUNDLE_IDENTIFIER = com.koblev.stanford.Memorize;
				PRODUCT_NAME = "$(TARGET_NAME)";
				SWIFT_VERSION = 5.0;
				TARGETED_DEVICE_FAMILY = "1,2";
			};
			name = Release;
		};
/* End XCBuildConfiguration section */

/* Begin XCConfigurationList section */
		D7AF4F3E247C60AE009DB6A4 /* Build configuration list for PBXProject "Memorize" */ = {
			isa = XCConfigurationList;
			buildConfigurations = (
				D7AF4F55247C60B0009DB6A4 /* Debug */,
				D7AF4F56247C60B0009DB6A4 /* Release */,
			);
			defaultConfigurationIsVisible = 0;
			defaultConfigurationName = Release;
		};
		D7AF4F57247C60B0009DB6A4 /* Build configuration list for PBXNativeTarget "Memorize" */ = {
			isa = XCConfigurationList;
			buildConfigurations = (
				D7AF4F58247C60B0009DB6A4 /* Debug */,
				D7AF4F59247C60B0009DB6A4 /* Release */,
			);
			defaultConfigurationIsVisible = 0;
			defaultConfigurationName = Release;
		};
/* End XCConfigurationList section */
	};
	rootObject = D7AF4F3B247C60AE009DB6A4 /* Project object */;
}
