// !$*UTF8*$!
{
	archiveVersion = 1;
	classes = {
	};
	objectVersion = 50;
	objects = {

/* Begin PBXBuildFile section */
		E508E7372482EABD0003DDE4 /* Array+Only.swift in Sources */ = {isa = PBXBuildFile; fileRef = E508E7362482EABD0003DDE4 /* Array+Only.swift */; };
		E55BC92F2482DB1100EF0154 /* GridLayout.swift in Sources */ = {isa = PBXBuildFile; fileRef = E55BC92E2482DB1100EF0154 /* GridLayout.swift */; };
		E55BC9312482DDF800EF0154 /* Array+Identifiable.swift in Sources */ = {isa = PBXBuildFile; fileRef = E55BC9302482DDF800EF0154 /* Array+Identifiable.swift */; };
		E55CA50924761A77009A367B /* AppDelegate.swift in Sources */ = {isa = PBXBuildFile; fileRef = E55CA50824761A77009A367B /* AppDelegate.swift */; };
		E55CA50B24761A77009A367B /* SceneDelegate.swift in Sources */ = {isa = PBXBuildFile; fileRef = E55CA50A24761A77009A367B /* SceneDelegate.swift */; };
		E55CA50D24761A77009A367B /* EmojiMemoryGameView.swift in Sources */ = {isa = PBXBuildFile; fileRef = E55CA50C24761A77009A367B /* EmojiMemoryGameView.swift */; };
		E55CA50F24761A78009A367B /* Assets.xcassets in Resources */ = {isa = PBXBuildFile; fileRef = E55CA50E24761A78009A367B /* Assets.xcassets */; };
		E55CA51224761A78009A367B /* Preview Assets.xcassets in Resources */ = {isa = PBXBuildFile; fileRef = E55CA51124761A78009A367B /* Preview Assets.xcassets */; };
		E55CA51524761A78009A367B /* LaunchScreen.storyboard in Resources */ = {isa = PBXBuildFile; fileRef = E55CA51324761A78009A367B /* LaunchScreen.storyboard */; };
		E5B8CA452479A3850024A299 /* MemoryGame.swift in Sources */ = {isa = PBXBuildFile; fileRef = E5B8CA442479A3850024A299 /* MemoryGame.swift */; };
		E5B8CA472479A57D0024A299 /* EmojiMemoryGame.swift in Sources */ = {isa = PBXBuildFile; fileRef = E5B8CA462479A57D0024A299 /* EmojiMemoryGame.swift */; };
		E5C2AD222482D64F002447CD /* Grid.swift in Sources */ = {isa = PBXBuildFile; fileRef = E5C2AD212482D64F002447CD /* Grid.swift */; };
/* End PBXBuildFile section */

/* Begin PBXFileReference section */
		E508E7362482EABD0003DDE4 /* Array+Only.swift */ = {isa = PBXFileReference; lastKnownFileType = sourcecode.swift; path = "Array+Only.swift"; sourceTree = "<group>"; };
		E55BC92E2482DB1100EF0154 /* GridLayout.swift */ = {isa = PBXFileReference; fileEncoding = 4; lastKnownFileType = sourcecode.swift; path = GridLayout.swift; sourceTree = "<group>"; };
		E55BC9302482DDF800EF0154 /* Array+Identifiable.swift */ = {isa = PBXFileReference; lastKnownFileType = sourcecode.swift; path = "Array+Identifiable.swift"; sourceTree = "<group>"; };
		E55CA50524761A77009A367B /* Memorize.app */ = {isa = PBXFileReference; explicitFileType = wrapper.application; includeInIndex = 0; path = Memorize.app; sourceTree = BUILT_PRODUCTS_DIR; };
		E55CA50824761A77009A367B /* AppDelegate.swift */ = {isa = PBXFileReference; lastKnownFileType = sourcecode.swift; path = AppDelegate.swift; sourceTree = "<group>"; };
		E55CA50A24761A77009A367B /* SceneDelegate.swift */ = {isa = PBXFileReference; lastKnownFileType = sourcecode.swift; path = SceneDelegate.swift; sourceTree = "<group>"; };
		E55CA50C24761A77009A367B /* EmojiMemoryGameView.swift */ = {isa = PBXFileReference; lastKnownFileType = sourcecode.swift; path = EmojiMemoryGameView.swift; sourceTree = "<group>"; };
		E55CA50E24761A78009A367B /* Assets.xcassets */ = {isa = PBXFileReference; lastKnownFileType = folder.assetcatalog; path = Assets.xcassets; sourceTree = "<group>"; };
		E55CA51124761A78009A367B /* Preview Assets.xcassets */ = {isa = PBXFileReference; lastKnownFileType = folder.assetcatalog; path = "Preview Assets.xcassets"; sourceTree = "<group>"; };
		E55CA51424761A78009A367B /* Base */ = {isa = PBXFileReference; lastKnownFileType = file.storyboard; name = Base; path = Base.lproj/LaunchScreen.storyboard; sourceTree = "<group>"; };
		E55CA51624761A78009A367B /* Info.plist */ = {isa = PBXFileReference; lastKnownFileType = text.plist.xml; path = Info.plist; sourceTree = "<group>"; };
		E5B8CA442479A3850024A299 /* MemoryGame.swift */ = {isa = PBXFileReference; lastKnownFileType = sourcecode.swift; path = MemoryGame.swift; sourceTree = "<group>"; };
		E5B8CA462479A57D0024A299 /* EmojiMemoryGame.swift */ = {isa = PBXFileReference; lastKnownFileType = sourcecode.swift; path = EmojiMemoryGame.swift; sourceTree = "<group>"; };
		E5C2AD212482D64F002447CD /* Grid.swift */ = {isa = PBXFileReference; lastKnownFileType = sourcecode.swift; path = Grid.swift; sourceTree = "<group>"; };
/* End PBXFileReference section */

/* Begin PBXFrameworksBuildPhase section */
		E55CA50224761A77009A367B /* Frameworks */ = {
			isa = PBXFrameworksBuildPhase;
			buildActionMask = 2147483647;
			files = (
			);
			runOnlyForDeploymentPostprocessing = 0;
		};
/* End PBXFrameworksBuildPhase section */

/* Begin PBXGroup section */
		E55BC9322482DE0000EF0154 /* Extensions */ = {
			isa = PBXGroup;
			children = (
				E55BC9302482DDF800EF0154 /* Array+Identifiable.swift */,
				E508E7362482EABD0003DDE4 /* Array+Only.swift */,
			);
			path = Extensions;
			sourceTree = "<group>";
		};
		E55CA4FC24761A76009A367B = {
			isa = PBXGroup;
			children = (
				E55CA50724761A77009A367B /* Memorize */,
				E55CA50624761A77009A367B /* Products */,
			);
			sourceTree = "<group>";
		};
		E55CA50624761A77009A367B /* Products */ = {
			isa = PBXGroup;
			children = (
				E55CA50524761A77009A367B /* Memorize.app */,
			);
			name = Products;
			sourceTree = "<group>";
		};
		E55CA50724761A77009A367B /* Memorize */ = {
			isa = PBXGroup;
			children = (
				E55BC9322482DE0000EF0154 /* Extensions */,
				E5C2AD232482D96F002447CD /* Views */,
				E5C2AD242482D97D002447CD /* Model */,
				E5C2AD252482D986002447CD /* ViewModel */,
				E5C2AD262482D99A002447CD /* Support Files */,
				E55CA51324761A78009A367B /* LaunchScreen.storyboard */,
				E55CA51624761A78009A367B /* Info.plist */,
				E55CA51024761A78009A367B /* Preview Content */,
			);
			path = Memorize;
			sourceTree = "<group>";
		};
		E55CA51024761A78009A367B /* Preview Content */ = {
			isa = PBXGroup;
			children = (
				E55CA51124761A78009A367B /* Preview Assets.xcassets */,
			);
			path = "Preview Content";
			sourceTree = "<group>";
		};
		E5C2AD232482D96F002447CD /* Views */ = {
			isa = PBXGroup;
			children = (
				E55CA50C24761A77009A367B /* EmojiMemoryGameView.swift */,
				E5C2AD212482D64F002447CD /* Grid.swift */,
				E55BC92E2482DB1100EF0154 /* GridLayout.swift */,
			);
			path = Views;
			sourceTree = "<group>";
		};
		E5C2AD242482D97D002447CD /* Model */ = {
			isa = PBXGroup;
			children = (
				E5B8CA442479A3850024A299 /* MemoryGame.swift */,
			);
			path = Model;
			sourceTree = "<group>";
		};
		E5C2AD252482D986002447CD /* ViewModel */ = {
			isa = PBXGroup;
			children = (
				E5B8CA462479A57D0024A299 /* EmojiMemoryGame.swift */,
			);
			path = ViewModel;
			sourceTree = "<group>";
		};
		E5C2AD262482D99A002447CD /* Support Files */ = {
			isa = PBXGroup;
			children = (
				E55CA50824761A77009A367B /* AppDelegate.swift */,
				E55CA50A24761A77009A367B /* SceneDelegate.swift */,
				E55CA50E24761A78009A367B /* Assets.xcassets */,
			);
			path = "Support Files";
			sourceTree = "<group>";
		};
/* End PBXGroup section */

/* Begin PBXNativeTarget section */
		E55CA50424761A77009A367B /* Memorize */ = {
			isa = PBXNativeTarget;
			buildConfigurationList = E55CA51924761A78009A367B /* Build configuration list for PBXNativeTarget "Memorize" */;
			buildPhases = (
				E55CA50124761A77009A367B /* Sources */,
				E55CA50224761A77009A367B /* Frameworks */,
				E55CA50324761A77009A367B /* Resources */,
			);
			buildRules = (
			);
			dependencies = (
			);
			name = Memorize;
			productName = Memorize;
			productReference = E55CA50524761A77009A367B /* Memorize.app */;
			productType = "com.apple.product-type.application";
		};
/* End PBXNativeTarget section */

/* Begin PBXProject section */
		E55CA4FD24761A76009A367B /* Project object */ = {
			isa = PBXProject;
			attributes = {
				LastSwiftUpdateCheck = 1140;
				LastUpgradeCheck = 1140;
				ORGANIZATIONNAME = "Felix Lin";
				TargetAttributes = {
					E55CA50424761A77009A367B = {
						CreatedOnToolsVersion = 11.4.1;
					};
				};
			};
			buildConfigurationList = E55CA50024761A77009A367B /* Build configuration list for PBXProject "Memorize" */;
			compatibilityVersion = "Xcode 9.3";
			developmentRegion = en;
			hasScannedForEncodings = 0;
			knownRegions = (
				en,
				Base,
			);
			mainGroup = E55CA4FC24761A76009A367B;
			productRefGroup = E55CA50624761A77009A367B /* Products */;
			projectDirPath = "";
			projectRoot = "";
			targets = (
				E55CA50424761A77009A367B /* Memorize */,
			);
		};
/* End PBXProject section */

/* Begin PBXResourcesBuildPhase section */
		E55CA50324761A77009A367B /* Resources */ = {
			isa = PBXResourcesBuildPhase;
			buildActionMask = 2147483647;
			files = (
				E55CA51524761A78009A367B /* LaunchScreen.storyboard in Resources */,
				E55CA51224761A78009A367B /* Preview Assets.xcassets in Resources */,
				E55CA50F24761A78009A367B /* Assets.xcassets in Resources */,
			);
			runOnlyForDeploymentPostprocessing = 0;
		};
/* End PBXResourcesBuildPhase section */

/* Begin PBXSourcesBuildPhase section */
		E55CA50124761A77009A367B /* Sources */ = {
			isa = PBXSourcesBuildPhase;
			buildActionMask = 2147483647;
			files = (
				E55CA50924761A77009A367B /* AppDelegate.swift in Sources */,
				E55CA50B24761A77009A367B /* SceneDelegate.swift in Sources */,
				E5B8CA452479A3850024A299 /* MemoryGame.swift in Sources */,
				E508E7372482EABD0003DDE4 /* Array+Only.swift in Sources */,
				E55CA50D24761A77009A367B /* EmojiMemoryGameView.swift in Sources */,
				E5B8CA472479A57D0024A299 /* EmojiMemoryGame.swift in Sources */,
				E55BC9312482DDF800EF0154 /* Array+Identifiable.swift in Sources */,
				E55BC92F2482DB1100EF0154 /* GridLayout.swift in Sources */,
				E5C2AD222482D64F002447CD /* Grid.swift in Sources */,
			);
			runOnlyForDeploymentPostprocessing = 0;
		};
/* End PBXSourcesBuildPhase section */

/* Begin PBXVariantGroup section */
		E55CA51324761A78009A367B /* LaunchScreen.storyboard */ = {
			isa = PBXVariantGroup;
			children = (
				E55CA51424761A78009A367B /* Base */,
			);
			name = LaunchScreen.storyboard;
			sourceTree = "<group>";
		};
/* End PBXVariantGroup section */

/* Begin XCBuildConfiguration section */
		E55CA51724761A78009A367B /* Debug */ = {
			isa = XCBuildConfiguration;
			buildSettings = {
				ALWAYS_SEARCH_USER_PATHS = NO;
				CLANG_ANALYZER_NONNULL = YES;
				CLANG_ANALYZER_NUMBER_OBJECT_CONVERSION = YES_AGGRESSIVE;
				CLANG_CXX_LANGUAGE_STANDARD = "gnu++14";
				CLANG_CXX_LIBRARY = "libc++";
				CLANG_ENABLE_MODULES = YES;
				CLANG_ENABLE_OBJC_ARC = YES;
				CLANG_ENABLE_OBJC_WEAK = YES;
				CLANG_WARN_BLOCK_CAPTURE_AUTORELEASING = YES;
				CLANG_WARN_BOOL_CONVERSION = YES;
				CLANG_WARN_COMMA = YES;
				CLANG_WARN_CONSTANT_CONVERSION = YES;
				CLANG_WARN_DEPRECATED_OBJC_IMPLEMENTATIONS = YES;
				CLANG_WARN_DIRECT_OBJC_ISA_USAGE = YES_ERROR;
				CLANG_WARN_DOCUMENTATION_COMMENTS = YES;
				CLANG_WARN_EMPTY_BODY = YES;
				CLANG_WARN_ENUM_CONVERSION = YES;
				CLANG_WARN_INFINITE_RECURSION = YES;
				CLANG_WARN_INT_CONVERSION = YES;
				CLANG_WARN_NON_LITERAL_NULL_CONVERSION = YES;
				CLANG_WARN_OBJC_IMPLICIT_RETAIN_SELF = YES;
				CLANG_WARN_OBJC_LITERAL_CONVERSION = YES;
				CLANG_WARN_OBJC_ROOT_CLASS = YES_ERROR;
				CLANG_WARN_RANGE_LOOP_ANALYSIS = YES;
				CLANG_WARN_STRICT_PROTOTYPES = YES;
				CLANG_WARN_SUSPICIOUS_MOVE = YES;
				CLANG_WARN_UNGUARDED_AVAILABILITY = YES_AGGRESSIVE;
				CLANG_WARN_UNREACHABLE_CODE = YES;
				CLANG_WARN__DUPLICATE_METHOD_MATCH = YES;
				COPY_PHASE_STRIP = NO;
				DEBUG_INFORMATION_FORMAT = dwarf;
				ENABLE_STRICT_OBJC_MSGSEND = YES;
				ENABLE_TESTABILITY = YES;
				GCC_C_LANGUAGE_STANDARD = gnu11;
				GCC_DYNAMIC_NO_PIC = NO;
				GCC_NO_COMMON_BLOCKS = YES;
				GCC_OPTIMIZATION_LEVEL = 0;
				GCC_PREPROCESSOR_DEFINITIONS = (
					"DEBUG=1",
					"$(inherited)",
				);
				GCC_WARN_64_TO_32_BIT_CONVERSION = YES;
				GCC_WARN_ABOUT_RETURN_TYPE = YES_ERROR;
				GCC_WARN_UNDECLARED_SELECTOR = YES;
				GCC_WARN_UNINITIALIZED_AUTOS = YES_AGGRESSIVE;
				GCC_WARN_UNUSED_FUNCTION = YES;
				GCC_WARN_UNUSED_VARIABLE = YES;
				IPHONEOS_DEPLOYMENT_TARGET = 13.4;
				MTL_ENABLE_DEBUG_INFO = INCLUDE_SOURCE;
				MTL_FAST_MATH = YES;
				ONLY_ACTIVE_ARCH = YES;
				SDKROOT = iphoneos;
				SWIFT_ACTIVE_COMPILATION_CONDITIONS = DEBUG;
				SWIFT_OPTIMIZATION_LEVEL = "-Onone";
			};
			name = Debug;
		};
		E55CA51824761A78009A367B /* Release */ = {
			isa = XCBuildConfiguration;
			buildSettings = {
				ALWAYS_SEARCH_USER_PATHS = NO;
				CLANG_ANALYZER_NONNULL = YES;
				CLANG_ANALYZER_NUMBER_OBJECT_CONVERSION = YES_AGGRESSIVE;
				CLANG_CXX_LANGUAGE_STANDARD = "gnu++14";
				CLANG_CXX_LIBRARY = "libc++";
				CLANG_ENABLE_MODULES = YES;
				CLANG_ENABLE_OBJC_ARC = YES;
				CLANG_ENABLE_OBJC_WEAK = YES;
				CLANG_WARN_BLOCK_CAPTURE_AUTORELEASING = YES;
				CLANG_WARN_BOOL_CONVERSION = YES;
				CLANG_WARN_COMMA = YES;
				CLANG_WARN_CONSTANT_CONVERSION = YES;
				CLANG_WARN_DEPRECATED_OBJC_IMPLEMENTATIONS = YES;
				CLANG_WARN_DIRECT_OBJC_ISA_USAGE = YES_ERROR;
				CLANG_WARN_DOCUMENTATION_COMMENTS = YES;
				CLANG_WARN_EMPTY_BODY = YES;
				CLANG_WARN_ENUM_CONVERSION = YES;
				CLANG_WARN_INFINITE_RECURSION = YES;
				CLANG_WARN_INT_CONVERSION = YES;
				CLANG_WARN_NON_LITERAL_NULL_CONVERSION = YES;
				CLANG_WARN_OBJC_IMPLICIT_RETAIN_SELF = YES;
				CLANG_WARN_OBJC_LITERAL_CONVERSION = YES;
				CLANG_WARN_OBJC_ROOT_CLASS = YES_ERROR;
				CLANG_WARN_RANGE_LOOP_ANALYSIS = YES;
				CLANG_WARN_STRICT_PROTOTYPES = YES;
				CLANG_WARN_SUSPICIOUS_MOVE = YES;
				CLANG_WARN_UNGUARDED_AVAILABILITY = YES_AGGRESSIVE;
				CLANG_WARN_UNREACHABLE_CODE = YES;
				CLANG_WARN__DUPLICATE_METHOD_MATCH = YES;
				COPY_PHASE_STRIP = NO;
				DEBUG_INFORMATION_FORMAT = "dwarf-with-dsym";
				ENABLE_NS_ASSERTIONS = NO;
				ENABLE_STRICT_OBJC_MSGSEND = YES;
				GCC_C_LANGUAGE_STANDARD = gnu11;
				GCC_NO_COMMON_BLOCKS = YES;
				GCC_WARN_64_TO_32_BIT_CONVERSION = YES;
				GCC_WARN_ABOUT_RETURN_TYPE = YES_ERROR;
				GCC_WARN_UNDECLARED_SELECTOR = YES;
				GCC_WARN_UNINITIALIZED_AUTOS = YES_AGGRESSIVE;
				GCC_WARN_UNUSED_FUNCTION = YES;
				GCC_WARN_UNUSED_VARIABLE = YES;
				IPHONEOS_DEPLOYMENT_TARGET = 13.4;
				MTL_ENABLE_DEBUG_INFO = NO;
				MTL_FAST_MATH = YES;
				SDKROOT = iphoneos;
				SWIFT_COMPILATION_MODE = wholemodule;
				SWIFT_OPTIMIZATION_LEVEL = "-O";
				VALIDATE_PRODUCT = YES;
			};
			name = Release;
		};
		E55CA51A24761A78009A367B /* Debug */ = {
			isa = XCBuildConfiguration;
			buildSettings = {
				ASSETCATALOG_COMPILER_APPICON_NAME = AppIcon;
				CODE_SIGN_STYLE = Automatic;
				DEVELOPMENT_ASSET_PATHS = "\"Memorize/Preview Content\"";
				DEVELOPMENT_TEAM = MVGPSPVTNC;
				ENABLE_PREVIEWS = YES;
				INFOPLIST_FILE = Memorize/Info.plist;
				LD_RUNPATH_SEARCH_PATHS = (
					"$(inherited)",
					"@executable_path/Frameworks",
				);
				PRODUCT_BUNDLE_IDENTIFIER = com.felix.Memorize;
				PRODUCT_NAME = "$(TARGET_NAME)";
				SWIFT_VERSION = 5.0;
				TARGETED_DEVICE_FAMILY = "1,2";
			};
			name = Debug;
		};
		E55CA51B24761A78009A367B /* Release */ = {
			isa = XCBuildConfiguration;
			buildSettings = {
				ASSETCATALOG_COMPILER_APPICON_NAME = AppIcon;
				CODE_SIGN_STYLE = Automatic;
				DEVELOPMENT_ASSET_PATHS = "\"Memorize/Preview Content\"";
				DEVELOPMENT_TEAM = MVGPSPVTNC;
				ENABLE_PREVIEWS = YES;
				INFOPLIST_FILE = Memorize/Info.plist;
				LD_RUNPATH_SEARCH_PATHS = (
					"$(inherited)",
					"@executable_path/Frameworks",
				);
				PRODUCT_BUNDLE_IDENTIFIER = com.felix.Memorize;
				PRODUCT_NAME = "$(TARGET_NAME)";
				SWIFT_VERSION = 5.0;
				TARGETED_DEVICE_FAMILY = "1,2";
			};
			name = Release;
		};
/* End XCBuildConfiguration section */

/* Begin XCConfigurationList section */
		E55CA50024761A77009A367B /* Build configuration list for PBXProject "Memorize" */ = {
			isa = XCConfigurationList;
			buildConfigurations = (
				E55CA51724761A78009A367B /* Debug */,
				E55CA51824761A78009A367B /* Release */,
			);
			defaultConfigurationIsVisible = 0;
			defaultConfigurationName = Release;
		};
		E55CA51924761A78009A367B /* Build configuration list for PBXNativeTarget "Memorize" */ = {
			isa = XCConfigurationList;
			buildConfigurations = (
				E55CA51A24761A78009A367B /* Debug */,
				E55CA51B24761A78009A367B /* Release */,
			);
			defaultConfigurationIsVisible = 0;
			defaultConfigurationName = Release;
		};
/* End XCConfigurationList section */
	};
	rootObject = E55CA4FD24761A76009A367B /* Project object */;
}
